// !$*UTF8*$!
{
	archiveVersion = 1;
	classes = {
	};
	objectVersion = 56;
	objects = {

/* Begin PBXBuildFile section */
		A803561C2A525CFC00352F51 /* Dictionary.swift in Sources */ = {isa = PBXBuildFile; fileRef = A8525A7B2A5068A5004F687B /* Dictionary.swift */; };
		A80607972A3F1AAC00946A5E /* ActionView.swift in Sources */ = {isa = PBXBuildFile; fileRef = A80607962A3F1AAC00946A5E /* ActionView.swift */; };
		A806079B2A3F212400946A5E /* TextInputView.swift in Sources */ = {isa = PBXBuildFile; fileRef = A806079A2A3F212400946A5E /* TextInputView.swift */; };
		A8229A822A13914400881C31 /* ChangePasswordView.swift in Sources */ = {isa = PBXBuildFile; fileRef = A8229A812A13914400881C31 /* ChangePasswordView.swift */; };
		A8229A842A139A1A00881C31 /* PasswordResetView.swift in Sources */ = {isa = PBXBuildFile; fileRef = A8229A832A139A1A00881C31 /* PasswordResetView.swift */; };
		A8229A862A13A8AE00881C31 /* DeleteAccountView.swift in Sources */ = {isa = PBXBuildFile; fileRef = A8229A852A13A8AE00881C31 /* DeleteAccountView.swift */; };
		A8229A882A13A9B600881C31 /* AccountSetting.swift in Sources */ = {isa = PBXBuildFile; fileRef = A8229A872A13A9B600881C31 /* AccountSetting.swift */; };
		A8229A8A2A14B3CC00881C31 /* UserInfoViewModel.swift in Sources */ = {isa = PBXBuildFile; fileRef = A8229A892A14B3CC00881C31 /* UserInfoViewModel.swift */; };
		A8525A7C2A5068A5004F687B /* Dictionary.swift in Sources */ = {isa = PBXBuildFile; fileRef = A8525A7B2A5068A5004F687B /* Dictionary.swift */; };
		A8525A7E2A506972004F687B /* DeviceActivityName.swift in Sources */ = {isa = PBXBuildFile; fileRef = A8525A7D2A506972004F687B /* DeviceActivityName.swift */; };
		A8525A842A51BE28004F687B /* DeviceActivity.framework in Frameworks */ = {isa = PBXBuildFile; fileRef = A89414F12A4DAE94008885C7 /* DeviceActivity.framework */; };
		A8525A872A51BE28004F687B /* Monitor.swift in Sources */ = {isa = PBXBuildFile; fileRef = A8525A862A51BE28004F687B /* Monitor.swift */; };
		A8525A8C2A51BE28004F687B /* Monitor.appex in Embed Foundation Extensions */ = {isa = PBXBuildFile; fileRef = A8525A832A51BE27004F687B /* Monitor.appex */; settings = {ATTRIBUTES = (RemoveHeadersOnCopy, ); }; };
		A8525A902A51BF40004F687B /* MissionStorage.swift in Sources */ = {isa = PBXBuildFile; fileRef = A8DD56A22A45A72A0058E898 /* MissionStorage.swift */; };
		A8525A912A51BF51004F687B /* ManagedSettings.swift in Sources */ = {isa = PBXBuildFile; fileRef = A894153B2A4E9724008885C7 /* ManagedSettings.swift */; };
		A86233792A1C8E0700419120 /* KakaoSDKAuth in Frameworks */ = {isa = PBXBuildFile; productRef = A86233782A1C8E0700419120 /* KakaoSDKAuth */; };
		A862337B2A1C8E0700419120 /* KakaoSDKCommon in Frameworks */ = {isa = PBXBuildFile; productRef = A862337A2A1C8E0700419120 /* KakaoSDKCommon */; };
		A862337D2A1C8E0700419120 /* KakaoSDKShare in Frameworks */ = {isa = PBXBuildFile; productRef = A862337C2A1C8E0700419120 /* KakaoSDKShare */; };
		A862337F2A1C8E0700419120 /* KakaoSDKTalk in Frameworks */ = {isa = PBXBuildFile; productRef = A862337E2A1C8E0700419120 /* KakaoSDKTalk */; };
		A86233812A1C8E0700419120 /* KakaoSDKTemplate in Frameworks */ = {isa = PBXBuildFile; productRef = A86233802A1C8E0700419120 /* KakaoSDKTemplate */; };
		A86233832A1C8E0700419120 /* KakaoSDKUser in Frameworks */ = {isa = PBXBuildFile; productRef = A86233822A1C8E0700419120 /* KakaoSDKUser */; };
		A863AEC82A0CB30D00407B6F /* Mission.swift in Sources */ = {isa = PBXBuildFile; fileRef = A863AEC72A0CB30D00407B6F /* Mission.swift */; };
		A863AECA2A0D27C000407B6F /* MissionViewModel.swift in Sources */ = {isa = PBXBuildFile; fileRef = A863AEC92A0D27C000407B6F /* MissionViewModel.swift */; };
		A863AECC2A0D300400407B6F /* DetailView.swift in Sources */ = {isa = PBXBuildFile; fileRef = A863AECB2A0D300400407B6F /* DetailView.swift */; };
		A863AED32A0F601200407B6F /* LoginViewModel.swift in Sources */ = {isa = PBXBuildFile; fileRef = A863AED22A0F601200407B6F /* LoginViewModel.swift */; };
		A863AED52A0F60AC00407B6F /* LoginView.swift in Sources */ = {isa = PBXBuildFile; fileRef = A863AED42A0F60AC00407B6F /* LoginView.swift */; };
		A872019E2A384E6D0022099B /* TimeSettingView.swift in Sources */ = {isa = PBXBuildFile; fileRef = A872019D2A384E6D0022099B /* TimeSettingView.swift */; };
		A879EBA72A0F812100791AAC /* SignUpView.swift in Sources */ = {isa = PBXBuildFile; fileRef = A879EBA62A0F812100791AAC /* SignUpView.swift */; };
		A880DAD02A37250500E3FD94 /* Kingfisher in Frameworks */ = {isa = PBXBuildFile; productRef = A880DACF2A37250500E3FD94 /* Kingfisher */; };
		A894153C2A4E9724008885C7 /* ManagedSettings.swift in Sources */ = {isa = PBXBuildFile; fileRef = A894153B2A4E9724008885C7 /* ManagedSettings.swift */; };
		A8A2953D2A30A0FB00F73B9D /* FirebaseAnalyticsSwift in Frameworks */ = {isa = PBXBuildFile; productRef = A8A2953C2A30A0FB00F73B9D /* FirebaseAnalyticsSwift */; };
		A8A2953F2A30A0FB00F73B9D /* FirebaseAuth in Frameworks */ = {isa = PBXBuildFile; productRef = A8A2953E2A30A0FB00F73B9D /* FirebaseAuth */; };
		A8A295412A30A0FB00F73B9D /* FirebaseDatabaseSwift in Frameworks */ = {isa = PBXBuildFile; productRef = A8A295402A30A0FB00F73B9D /* FirebaseDatabaseSwift */; };
		A8A295432A30A0FB00F73B9D /* FirebaseFirestoreSwift in Frameworks */ = {isa = PBXBuildFile; productRef = A8A295422A30A0FB00F73B9D /* FirebaseFirestoreSwift */; };
		A8A295452A30A0FB00F73B9D /* FirebaseFunctions in Frameworks */ = {isa = PBXBuildFile; productRef = A8A295442A30A0FB00F73B9D /* FirebaseFunctions */; };
		A8A295472A30A0FB00F73B9D /* FirebaseInAppMessagingSwift-Beta in Frameworks */ = {isa = PBXBuildFile; productRef = A8A295462A30A0FB00F73B9D /* FirebaseInAppMessagingSwift-Beta */; };
		A8A295492A30A0FB00F73B9D /* FirebaseMessaging in Frameworks */ = {isa = PBXBuildFile; productRef = A8A295482A30A0FB00F73B9D /* FirebaseMessaging */; };
		A8A2954B2A30A0FB00F73B9D /* FirebaseStorage in Frameworks */ = {isa = PBXBuildFile; productRef = A8A2954A2A30A0FB00F73B9D /* FirebaseStorage */; };
		A8A7A6802A0FAF300058B407 /* UserProfileUpdateView.swift in Sources */ = {isa = PBXBuildFile; fileRef = A8A7A67F2A0FAF2F0058B407 /* UserProfileUpdateView.swift */; };
		A8C0AEAF2A1BABEC00EE5C64 /* GoogleService-Info.plist in Resources */ = {isa = PBXBuildFile; fileRef = A8C0AEAE2A1BABEC00EE5C64 /* GoogleService-Info.plist */; };
		A8D61DDE2A1E6E2A00F30E5B /* SceneDelegate.swift in Sources */ = {isa = PBXBuildFile; fileRef = A8D61DDD2A1E6E2A00F30E5B /* SceneDelegate.swift */; };
		A8DD56A32A45A72A0058E898 /* MissionStorage.swift in Sources */ = {isa = PBXBuildFile; fileRef = A8DD56A22A45A72A0058E898 /* MissionStorage.swift */; };
		A8F2CF792A08F1600030E175 /* dayMindApp.swift in Sources */ = {isa = PBXBuildFile; fileRef = A8F2CF782A08F1600030E175 /* dayMindApp.swift */; };
		A8F2CF7D2A08F1610030E175 /* Assets.xcassets in Resources */ = {isa = PBXBuildFile; fileRef = A8F2CF7C2A08F1610030E175 /* Assets.xcassets */; };
		A8F2CF802A08F1610030E175 /* Preview Assets.xcassets in Resources */ = {isa = PBXBuildFile; fileRef = A8F2CF7F2A08F1610030E175 /* Preview Assets.xcassets */; };
		A8F2CF8A2A08F1610030E175 /* dayMindTests.swift in Sources */ = {isa = PBXBuildFile; fileRef = A8F2CF892A08F1610030E175 /* dayMindTests.swift */; };
		A8F2CF942A08F1610030E175 /* dayMindUITests.swift in Sources */ = {isa = PBXBuildFile; fileRef = A8F2CF932A08F1610030E175 /* dayMindUITests.swift */; };
		A8F2CF962A08F1610030E175 /* dayMindUITestsLaunchTests.swift in Sources */ = {isa = PBXBuildFile; fileRef = A8F2CF952A08F1610030E175 /* dayMindUITestsLaunchTests.swift */; };
		A8F2CFA32A08F1E00030E175 /* HomeView.swift in Sources */ = {isa = PBXBuildFile; fileRef = A8F2CFA22A08F1E00030E175 /* HomeView.swift */; };
		A8F2CFA52A08F20E0030E175 /* HomeCell.swift in Sources */ = {isa = PBXBuildFile; fileRef = A8F2CFA42A08F20E0030E175 /* HomeCell.swift */; };
		A8F2CFA72A0A2AC70030E175 /* MissionListView.swift in Sources */ = {isa = PBXBuildFile; fileRef = A8F2CFA62A0A2AC70030E175 /* MissionListView.swift */; };
		A8F2CFA92A0A2DB50030E175 /* TapBarView.swift in Sources */ = {isa = PBXBuildFile; fileRef = A8F2CFA82A0A2DB50030E175 /* TapBarView.swift */; };
		A8F2CFAB2A0A41790030E175 /* UserInfoView.swift in Sources */ = {isa = PBXBuildFile; fileRef = A8F2CFAA2A0A41790030E175 /* UserInfoView.swift */; };
		A8F2CFAE2A0A680B0030E175 /* MissionRow.swift in Sources */ = {isa = PBXBuildFile; fileRef = A8F2CFAD2A0A680B0030E175 /* MissionRow.swift */; };
		A8FD9F5C2A3B677900905352 /* AllowListView.swift in Sources */ = {isa = PBXBuildFile; fileRef = A8FD9F5B2A3B677900905352 /* AllowListView.swift */; };
/* End PBXBuildFile section */

/* Begin PBXContainerItemProxy section */
		A8525A8A2A51BE28004F687B /* PBXContainerItemProxy */ = {
			isa = PBXContainerItemProxy;
			containerPortal = A8F2CF6D2A08F15F0030E175 /* Project object */;
			proxyType = 1;
			remoteGlobalIDString = A8525A822A51BE27004F687B;
			remoteInfo = Monitor;
		};
		A8F2CF862A08F1610030E175 /* PBXContainerItemProxy */ = {
			isa = PBXContainerItemProxy;
			containerPortal = A8F2CF6D2A08F15F0030E175 /* Project object */;
			proxyType = 1;
			remoteGlobalIDString = A8F2CF742A08F15F0030E175;
			remoteInfo = dayMind;
		};
		A8F2CF902A08F1610030E175 /* PBXContainerItemProxy */ = {
			isa = PBXContainerItemProxy;
			containerPortal = A8F2CF6D2A08F15F0030E175 /* Project object */;
			proxyType = 1;
			remoteGlobalIDString = A8F2CF742A08F15F0030E175;
			remoteInfo = dayMind;
		};
/* End PBXContainerItemProxy section */

/* Begin PBXCopyFilesBuildPhase section */
		A89414FB2A4DAE94008885C7 /* Embed Foundation Extensions */ = {
			isa = PBXCopyFilesBuildPhase;
			buildActionMask = 2147483647;
			dstPath = "";
			dstSubfolderSpec = 13;
			files = (
				A8525A8C2A51BE28004F687B /* Monitor.appex in Embed Foundation Extensions */,
			);
			name = "Embed Foundation Extensions";
			runOnlyForDeploymentPostprocessing = 0;
		};
/* End PBXCopyFilesBuildPhase section */

/* Begin PBXFileReference section */
		A80607922A3C2F1C00946A5E /* dayMind.entitlements */ = {isa = PBXFileReference; lastKnownFileType = text.plist.entitlements; path = dayMind.entitlements; sourceTree = "<group>"; };
		A80607962A3F1AAC00946A5E /* ActionView.swift */ = {isa = PBXFileReference; lastKnownFileType = sourcecode.swift; path = ActionView.swift; sourceTree = "<group>"; };
		A806079A2A3F212400946A5E /* TextInputView.swift */ = {isa = PBXFileReference; lastKnownFileType = sourcecode.swift; path = TextInputView.swift; sourceTree = "<group>"; };
		A8190B582A1B938A006EC7A8 /* dayMind.app */ = {isa = PBXFileReference; explicitFileType = wrapper.application; includeInIndex = 0; path = dayMind.app; sourceTree = BUILT_PRODUCTS_DIR; };
		A8229A812A13914400881C31 /* ChangePasswordView.swift */ = {isa = PBXFileReference; lastKnownFileType = sourcecode.swift; path = ChangePasswordView.swift; sourceTree = "<group>"; };
		A8229A832A139A1A00881C31 /* PasswordResetView.swift */ = {isa = PBXFileReference; lastKnownFileType = sourcecode.swift; path = PasswordResetView.swift; sourceTree = "<group>"; };
		A8229A852A13A8AE00881C31 /* DeleteAccountView.swift */ = {isa = PBXFileReference; lastKnownFileType = sourcecode.swift; path = DeleteAccountView.swift; sourceTree = "<group>"; };
		A8229A872A13A9B600881C31 /* AccountSetting.swift */ = {isa = PBXFileReference; lastKnownFileType = sourcecode.swift; path = AccountSetting.swift; sourceTree = "<group>"; };
		A8229A892A14B3CC00881C31 /* UserInfoViewModel.swift */ = {isa = PBXFileReference; lastKnownFileType = sourcecode.swift; path = UserInfoViewModel.swift; sourceTree = "<group>"; };
		A8525A7B2A5068A5004F687B /* Dictionary.swift */ = {isa = PBXFileReference; lastKnownFileType = sourcecode.swift; path = Dictionary.swift; sourceTree = "<group>"; };
		A8525A7D2A506972004F687B /* DeviceActivityName.swift */ = {isa = PBXFileReference; lastKnownFileType = sourcecode.swift; path = DeviceActivityName.swift; sourceTree = "<group>"; };
		A8525A832A51BE27004F687B /* Monitor.appex */ = {isa = PBXFileReference; explicitFileType = "wrapper.app-extension"; includeInIndex = 0; path = Monitor.appex; sourceTree = BUILT_PRODUCTS_DIR; };
		A8525A862A51BE28004F687B /* Monitor.swift */ = {isa = PBXFileReference; lastKnownFileType = sourcecode.swift; path = Monitor.swift; sourceTree = "<group>"; };
		A8525A882A51BE28004F687B /* Info.plist */ = {isa = PBXFileReference; lastKnownFileType = text.plist.xml; path = Info.plist; sourceTree = "<group>"; };
		A8525A892A51BE28004F687B /* Monitor.entitlements */ = {isa = PBXFileReference; lastKnownFileType = text.plist.entitlements; path = Monitor.entitlements; sourceTree = "<group>"; };
		A863AEC72A0CB30D00407B6F /* Mission.swift */ = {isa = PBXFileReference; lastKnownFileType = sourcecode.swift; path = Mission.swift; sourceTree = "<group>"; };
		A863AEC92A0D27C000407B6F /* MissionViewModel.swift */ = {isa = PBXFileReference; lastKnownFileType = sourcecode.swift; path = MissionViewModel.swift; sourceTree = "<group>"; };
		A863AECB2A0D300400407B6F /* DetailView.swift */ = {isa = PBXFileReference; lastKnownFileType = sourcecode.swift; path = DetailView.swift; sourceTree = "<group>"; };
		A863AED22A0F601200407B6F /* LoginViewModel.swift */ = {isa = PBXFileReference; lastKnownFileType = sourcecode.swift; path = LoginViewModel.swift; sourceTree = "<group>"; };
		A863AED42A0F60AC00407B6F /* LoginView.swift */ = {isa = PBXFileReference; lastKnownFileType = sourcecode.swift; path = LoginView.swift; sourceTree = "<group>"; };
		A872019D2A384E6D0022099B /* TimeSettingView.swift */ = {isa = PBXFileReference; lastKnownFileType = sourcecode.swift; path = TimeSettingView.swift; sourceTree = "<group>"; };
		A879EBA62A0F812100791AAC /* SignUpView.swift */ = {isa = PBXFileReference; lastKnownFileType = sourcecode.swift; path = SignUpView.swift; sourceTree = "<group>"; };
		A88762992A15DFD2004376EF /* Info.plist */ = {isa = PBXFileReference; lastKnownFileType = text.plist; path = Info.plist; sourceTree = "<group>"; };
		A890FBF42A1B9A5B00F44249 /* dayMindTests.xctest */ = {isa = PBXFileReference; explicitFileType = wrapper.cfbundle; includeInIndex = 0; path = dayMindTests.xctest; sourceTree = BUILT_PRODUCTS_DIR; };
		A890FBF52A1B9A5B00F44249 /* dayMindUITests.xctest */ = {isa = PBXFileReference; explicitFileType = wrapper.cfbundle; includeInIndex = 0; path = dayMindUITests.xctest; sourceTree = BUILT_PRODUCTS_DIR; };
		A89414F12A4DAE94008885C7 /* DeviceActivity.framework */ = {isa = PBXFileReference; lastKnownFileType = wrapper.framework; name = DeviceActivity.framework; path = System/Library/Frameworks/DeviceActivity.framework; sourceTree = SDKROOT; };
		A894153B2A4E9724008885C7 /* ManagedSettings.swift */ = {isa = PBXFileReference; lastKnownFileType = sourcecode.swift; path = ManagedSettings.swift; sourceTree = "<group>"; };
		A8A7A67F2A0FAF2F0058B407 /* UserProfileUpdateView.swift */ = {isa = PBXFileReference; lastKnownFileType = sourcecode.swift; path = UserProfileUpdateView.swift; sourceTree = "<group>"; };
		A8C0AEAE2A1BABEC00EE5C64 /* GoogleService-Info.plist */ = {isa = PBXFileReference; fileEncoding = 4; lastKnownFileType = text.plist.xml; path = "GoogleService-Info.plist"; sourceTree = "<group>"; };
		A8D61DDD2A1E6E2A00F30E5B /* SceneDelegate.swift */ = {isa = PBXFileReference; lastKnownFileType = sourcecode.swift; path = SceneDelegate.swift; sourceTree = "<group>"; };
		A8DD56A22A45A72A0058E898 /* MissionStorage.swift */ = {isa = PBXFileReference; lastKnownFileType = sourcecode.swift; path = MissionStorage.swift; sourceTree = "<group>"; };
		A8F2CF782A08F1600030E175 /* dayMindApp.swift */ = {isa = PBXFileReference; lastKnownFileType = sourcecode.swift; path = dayMindApp.swift; sourceTree = "<group>"; };
		A8F2CF7C2A08F1610030E175 /* Assets.xcassets */ = {isa = PBXFileReference; lastKnownFileType = folder.assetcatalog; path = Assets.xcassets; sourceTree = "<group>"; };
		A8F2CF7F2A08F1610030E175 /* Preview Assets.xcassets */ = {isa = PBXFileReference; lastKnownFileType = folder.assetcatalog; path = "Preview Assets.xcassets"; sourceTree = "<group>"; };
		A8F2CF892A08F1610030E175 /* dayMindTests.swift */ = {isa = PBXFileReference; lastKnownFileType = sourcecode.swift; path = dayMindTests.swift; sourceTree = "<group>"; };
		A8F2CF932A08F1610030E175 /* dayMindUITests.swift */ = {isa = PBXFileReference; lastKnownFileType = sourcecode.swift; path = dayMindUITests.swift; sourceTree = "<group>"; };
		A8F2CF952A08F1610030E175 /* dayMindUITestsLaunchTests.swift */ = {isa = PBXFileReference; lastKnownFileType = sourcecode.swift; path = dayMindUITestsLaunchTests.swift; sourceTree = "<group>"; };
		A8F2CFA22A08F1E00030E175 /* HomeView.swift */ = {isa = PBXFileReference; lastKnownFileType = sourcecode.swift; path = HomeView.swift; sourceTree = "<group>"; };
		A8F2CFA42A08F20E0030E175 /* HomeCell.swift */ = {isa = PBXFileReference; lastKnownFileType = sourcecode.swift; path = HomeCell.swift; sourceTree = "<group>"; };
		A8F2CFA62A0A2AC70030E175 /* MissionListView.swift */ = {isa = PBXFileReference; lastKnownFileType = sourcecode.swift; path = MissionListView.swift; sourceTree = "<group>"; };
		A8F2CFA82A0A2DB50030E175 /* TapBarView.swift */ = {isa = PBXFileReference; lastKnownFileType = sourcecode.swift; path = TapBarView.swift; sourceTree = "<group>"; };
		A8F2CFAA2A0A41790030E175 /* UserInfoView.swift */ = {isa = PBXFileReference; lastKnownFileType = sourcecode.swift; path = UserInfoView.swift; sourceTree = "<group>"; };
		A8F2CFAD2A0A680B0030E175 /* MissionRow.swift */ = {isa = PBXFileReference; lastKnownFileType = sourcecode.swift; path = MissionRow.swift; sourceTree = "<group>"; };
		A8FD9F5B2A3B677900905352 /* AllowListView.swift */ = {isa = PBXFileReference; lastKnownFileType = sourcecode.swift; path = AllowListView.swift; sourceTree = "<group>"; };
/* End PBXFileReference section */

/* Begin PBXFrameworksBuildPhase section */
		A8525A802A51BE27004F687B /* Frameworks */ = {
			isa = PBXFrameworksBuildPhase;
			buildActionMask = 2147483647;
			files = (
				A8525A842A51BE28004F687B /* DeviceActivity.framework in Frameworks */,
			);
			runOnlyForDeploymentPostprocessing = 0;
		};
		A8F2CF722A08F15F0030E175 /* Frameworks */ = {
			isa = PBXFrameworksBuildPhase;
			buildActionMask = 2147483647;
			files = (
				A862337B2A1C8E0700419120 /* KakaoSDKCommon in Frameworks */,
				A86233812A1C8E0700419120 /* KakaoSDKTemplate in Frameworks */,
				A86233832A1C8E0700419120 /* KakaoSDKUser in Frameworks */,
				A8A295412A30A0FB00F73B9D /* FirebaseDatabaseSwift in Frameworks */,
				A862337F2A1C8E0700419120 /* KakaoSDKTalk in Frameworks */,
				A8A295432A30A0FB00F73B9D /* FirebaseFirestoreSwift in Frameworks */,
				A8A2953D2A30A0FB00F73B9D /* FirebaseAnalyticsSwift in Frameworks */,
				A862337D2A1C8E0700419120 /* KakaoSDKShare in Frameworks */,
				A8A295492A30A0FB00F73B9D /* FirebaseMessaging in Frameworks */,
				A880DAD02A37250500E3FD94 /* Kingfisher in Frameworks */,
				A86233792A1C8E0700419120 /* KakaoSDKAuth in Frameworks */,
				A8A295452A30A0FB00F73B9D /* FirebaseFunctions in Frameworks */,
				A8A2954B2A30A0FB00F73B9D /* FirebaseStorage in Frameworks */,
				A8A295472A30A0FB00F73B9D /* FirebaseInAppMessagingSwift-Beta in Frameworks */,
				A8A2953F2A30A0FB00F73B9D /* FirebaseAuth in Frameworks */,
			);
			runOnlyForDeploymentPostprocessing = 0;
		};
		A8F2CF822A08F1610030E175 /* Frameworks */ = {
			isa = PBXFrameworksBuildPhase;
			buildActionMask = 2147483647;
			files = (
			);
			runOnlyForDeploymentPostprocessing = 0;
		};
		A8F2CF8C2A08F1610030E175 /* Frameworks */ = {
			isa = PBXFrameworksBuildPhase;
			buildActionMask = 2147483647;
			files = (
			);
			runOnlyForDeploymentPostprocessing = 0;
		};
/* End PBXFrameworksBuildPhase section */

/* Begin PBXGroup section */
		A8525A7A2A506829004F687B /* Extension */ = {
			isa = PBXGroup;
			children = (
				A8525A7B2A5068A5004F687B /* Dictionary.swift */,
				A8525A7D2A506972004F687B /* DeviceActivityName.swift */,
			);
			path = Extension;
			sourceTree = "<group>";
		};
		A8525A852A51BE28004F687B /* Monitor */ = {
			isa = PBXGroup;
			children = (
				A8525A862A51BE28004F687B /* Monitor.swift */,
				A8525A882A51BE28004F687B /* Info.plist */,
				A8525A892A51BE28004F687B /* Monitor.entitlements */,
			);
			path = Monitor;
			sourceTree = "<group>";
		};
		A8CB7FF62A1B8F260030B0FB /* Frameworks */ = {
			isa = PBXGroup;
			children = (
				A89414F12A4DAE94008885C7 /* DeviceActivity.framework */,
			);
			name = Frameworks;
			sourceTree = "<group>";
		};
		A8DD56A12A4592F50058E898 /* Storage */ = {
			isa = PBXGroup;
			children = (
				A8DD56A22A45A72A0058E898 /* MissionStorage.swift */,
				A894153B2A4E9724008885C7 /* ManagedSettings.swift */,
			);
			path = Storage;
			sourceTree = "<group>";
		};
		A8F2CF6C2A08F15F0030E175 = {
			isa = PBXGroup;
			children = (
				A8F2CF772A08F1600030E175 /* dayMind */,
				A8F2CF882A08F1610030E175 /* dayMindTests */,
				A8F2CF922A08F1610030E175 /* dayMindUITests */,
				A8525A852A51BE28004F687B /* Monitor */,
				A8CB7FF62A1B8F260030B0FB /* Frameworks */,
				A8190B582A1B938A006EC7A8 /* dayMind.app */,
				A890FBF42A1B9A5B00F44249 /* dayMindTests.xctest */,
				A890FBF52A1B9A5B00F44249 /* dayMindUITests.xctest */,
				A8525A832A51BE27004F687B /* Monitor.appex */,
			);
			sourceTree = "<group>";
		};
		A8F2CF772A08F1600030E175 /* dayMind */ = {
			isa = PBXGroup;
			children = (
				A80607922A3C2F1C00946A5E /* dayMind.entitlements */,
				A88762992A15DFD2004376EF /* Info.plist */,
				A8C0AEAE2A1BABEC00EE5C64 /* GoogleService-Info.plist */,
				A8F2CF782A08F1600030E175 /* dayMindApp.swift */,
				A8D61DDD2A1E6E2A00F30E5B /* SceneDelegate.swift */,
				A863AED22A0F601200407B6F /* LoginViewModel.swift */,
				A863AED42A0F60AC00407B6F /* LoginView.swift */,
				A8229A832A139A1A00881C31 /* PasswordResetView.swift */,
				A879EBA62A0F812100791AAC /* SignUpView.swift */,
				A8F2CFA82A0A2DB50030E175 /* TapBarView.swift */,
				A8F2CFB22A0A91F10030E175 /* UserInfoView */,
				A8F2CFB12A0A91C00030E175 /* Mission */,
				A8F2CFAC2A0A671F0030E175 /* Model */,
				A8DD56A12A4592F50058E898 /* Storage */,
				A8525A7A2A506829004F687B /* Extension */,
				A8F2CF7C2A08F1610030E175 /* Assets.xcassets */,
				A8F2CF7E2A08F1610030E175 /* Preview Content */,
			);
			path = dayMind;
			sourceTree = "<group>";
		};
		A8F2CF7E2A08F1610030E175 /* Preview Content */ = {
			isa = PBXGroup;
			children = (
				A8F2CF7F2A08F1610030E175 /* Preview Assets.xcassets */,
			);
			path = "Preview Content";
			sourceTree = "<group>";
		};
		A8F2CF882A08F1610030E175 /* dayMindTests */ = {
			isa = PBXGroup;
			children = (
				A8F2CF892A08F1610030E175 /* dayMindTests.swift */,
			);
			path = dayMindTests;
			sourceTree = "<group>";
		};
		A8F2CF922A08F1610030E175 /* dayMindUITests */ = {
			isa = PBXGroup;
			children = (
				A8F2CF932A08F1610030E175 /* dayMindUITests.swift */,
				A8F2CF952A08F1610030E175 /* dayMindUITestsLaunchTests.swift */,
			);
			path = dayMindUITests;
			sourceTree = "<group>";
		};
		A8F2CFAC2A0A671F0030E175 /* Model */ = {
			isa = PBXGroup;
			children = (
				A863AEC72A0CB30D00407B6F /* Mission.swift */,
			);
			path = Model;
			sourceTree = "<group>";
		};
		A8F2CFB12A0A91C00030E175 /* Mission */ = {
			isa = PBXGroup;
			children = (
				A863AEC92A0D27C000407B6F /* MissionViewModel.swift */,
				A8F2CFAD2A0A680B0030E175 /* MissionRow.swift */,
				A8F2CFA62A0A2AC70030E175 /* MissionListView.swift */,
				A863AECB2A0D300400407B6F /* DetailView.swift */,
				A872019D2A384E6D0022099B /* TimeSettingView.swift */,
				A8FD9F5B2A3B677900905352 /* AllowListView.swift */,
				A806079A2A3F212400946A5E /* TextInputView.swift */,
				A8F2CFA42A08F20E0030E175 /* HomeCell.swift */,
				A8F2CFA22A08F1E00030E175 /* HomeView.swift */,
				A80607962A3F1AAC00946A5E /* ActionView.swift */,
			);
			path = Mission;
			sourceTree = "<group>";
		};
		A8F2CFB22A0A91F10030E175 /* UserInfoView */ = {
			isa = PBXGroup;
			children = (
				A8229A892A14B3CC00881C31 /* UserInfoViewModel.swift */,
				A8F2CFAA2A0A41790030E175 /* UserInfoView.swift */,
				A8229A872A13A9B600881C31 /* AccountSetting.swift */,
				A8A7A67F2A0FAF2F0058B407 /* UserProfileUpdateView.swift */,
				A8229A812A13914400881C31 /* ChangePasswordView.swift */,
				A8229A852A13A8AE00881C31 /* DeleteAccountView.swift */,
			);
			path = UserInfoView;
			sourceTree = "<group>";
		};
/* End PBXGroup section */

/* Begin PBXNativeTarget section */
		A8525A822A51BE27004F687B /* Monitor */ = {
			isa = PBXNativeTarget;
			buildConfigurationList = A8525A8D2A51BE28004F687B /* Build configuration list for PBXNativeTarget "Monitor" */;
			buildPhases = (
				A8525A7F2A51BE27004F687B /* Sources */,
				A8525A802A51BE27004F687B /* Frameworks */,
				A8525A812A51BE27004F687B /* Resources */,
			);
			buildRules = (
			);
			dependencies = (
			);
			name = Monitor;
			productName = Monitor;
			productReference = A8525A832A51BE27004F687B /* Monitor.appex */;
			productType = "com.apple.product-type.app-extension";
		};
		A8F2CF742A08F15F0030E175 /* dayMind */ = {
			isa = PBXNativeTarget;
			buildConfigurationList = A8F2CF992A08F1610030E175 /* Build configuration list for PBXNativeTarget "dayMind" */;
			buildPhases = (
				A8F2CF712A08F15F0030E175 /* Sources */,
				A8F2CF722A08F15F0030E175 /* Frameworks */,
				A8F2CF732A08F15F0030E175 /* Resources */,
				A89414FB2A4DAE94008885C7 /* Embed Foundation Extensions */,
			);
			buildRules = (
			);
			dependencies = (
				A8525A8B2A51BE28004F687B /* PBXTargetDependency */,
			);
			name = dayMind;
			packageProductDependencies = (
				A86233782A1C8E0700419120 /* KakaoSDKAuth */,
				A862337A2A1C8E0700419120 /* KakaoSDKCommon */,
				A862337C2A1C8E0700419120 /* KakaoSDKShare */,
				A862337E2A1C8E0700419120 /* KakaoSDKTalk */,
				A86233802A1C8E0700419120 /* KakaoSDKTemplate */,
				A86233822A1C8E0700419120 /* KakaoSDKUser */,
				A8A2953C2A30A0FB00F73B9D /* FirebaseAnalyticsSwift */,
				A8A2953E2A30A0FB00F73B9D /* FirebaseAuth */,
				A8A295402A30A0FB00F73B9D /* FirebaseDatabaseSwift */,
				A8A295422A30A0FB00F73B9D /* FirebaseFirestoreSwift */,
				A8A295442A30A0FB00F73B9D /* FirebaseFunctions */,
				A8A295462A30A0FB00F73B9D /* FirebaseInAppMessagingSwift-Beta */,
				A8A295482A30A0FB00F73B9D /* FirebaseMessaging */,
				A8A2954A2A30A0FB00F73B9D /* FirebaseStorage */,
				A880DACF2A37250500E3FD94 /* Kingfisher */,
			);
			productName = dayMind;
			productReference = A8190B582A1B938A006EC7A8 /* dayMind.app */;
			productType = "com.apple.product-type.application";
		};
		A8F2CF842A08F1610030E175 /* dayMindTests */ = {
			isa = PBXNativeTarget;
			buildConfigurationList = A8F2CF9C2A08F1610030E175 /* Build configuration list for PBXNativeTarget "dayMindTests" */;
			buildPhases = (
				A8F2CF812A08F1610030E175 /* Sources */,
				A8F2CF822A08F1610030E175 /* Frameworks */,
				A8F2CF832A08F1610030E175 /* Resources */,
			);
			buildRules = (
			);
			dependencies = (
				A8F2CF872A08F1610030E175 /* PBXTargetDependency */,
			);
			name = dayMindTests;
			packageProductDependencies = (
			);
			productName = dayMindTests;
			productReference = A890FBF42A1B9A5B00F44249 /* dayMindTests.xctest */;
			productType = "com.apple.product-type.bundle.unit-test";
		};
		A8F2CF8E2A08F1610030E175 /* dayMindUITests */ = {
			isa = PBXNativeTarget;
			buildConfigurationList = A8F2CF9F2A08F1610030E175 /* Build configuration list for PBXNativeTarget "dayMindUITests" */;
			buildPhases = (
				A8F2CF8B2A08F1610030E175 /* Sources */,
				A8F2CF8C2A08F1610030E175 /* Frameworks */,
				A8F2CF8D2A08F1610030E175 /* Resources */,
			);
			buildRules = (
			);
			dependencies = (
				A8F2CF912A08F1610030E175 /* PBXTargetDependency */,
			);
			name = dayMindUITests;
			packageProductDependencies = (
			);
			productName = dayMindUITests;
			productReference = A890FBF52A1B9A5B00F44249 /* dayMindUITests.xctest */;
			productType = "com.apple.product-type.bundle.ui-testing";
		};
/* End PBXNativeTarget section */

/* Begin PBXProject section */
		A8F2CF6D2A08F15F0030E175 /* Project object */ = {
			isa = PBXProject;
			attributes = {
				BuildIndependentTargetsInParallel = 1;
				LastSwiftUpdateCheck = 1430;
				LastUpgradeCheck = 1430;
				TargetAttributes = {
					A8525A822A51BE27004F687B = {
						CreatedOnToolsVersion = 14.3.1;
					};
					A8F2CF742A08F15F0030E175 = {
						CreatedOnToolsVersion = 14.3;
					};
					A8F2CF842A08F1610030E175 = {
						CreatedOnToolsVersion = 14.3;
						TestTargetID = A8F2CF742A08F15F0030E175;
					};
					A8F2CF8E2A08F1610030E175 = {
						CreatedOnToolsVersion = 14.3;
						TestTargetID = A8F2CF742A08F15F0030E175;
					};
				};
			};
			buildConfigurationList = A8F2CF702A08F15F0030E175 /* Build configuration list for PBXProject "dayMind" */;
			compatibilityVersion = "Xcode 14.0";
			developmentRegion = en;
			hasScannedForEncodings = 0;
			knownRegions = (
				en,
				Base,
			);
			mainGroup = A8F2CF6C2A08F15F0030E175;
			packageReferences = (
				A86233772A1C8E0700419120 /* XCRemoteSwiftPackageReference "kakao-ios-sdk" */,
				A8A2953B2A30A0FB00F73B9D /* XCRemoteSwiftPackageReference "firebase-ios-sdk" */,
				A880DACE2A37250500E3FD94 /* XCRemoteSwiftPackageReference "Kingfisher" */,
			);
			productRefGroup = A8F2CF6C2A08F15F0030E175;
			projectDirPath = "";
			projectRoot = "";
			targets = (
				A8F2CF742A08F15F0030E175 /* dayMind */,
				A8F2CF842A08F1610030E175 /* dayMindTests */,
				A8F2CF8E2A08F1610030E175 /* dayMindUITests */,
				A8525A822A51BE27004F687B /* Monitor */,
			);
		};
/* End PBXProject section */

/* Begin PBXResourcesBuildPhase section */
		A8525A812A51BE27004F687B /* Resources */ = {
			isa = PBXResourcesBuildPhase;
			buildActionMask = 2147483647;
			files = (
			);
			runOnlyForDeploymentPostprocessing = 0;
		};
		A8F2CF732A08F15F0030E175 /* Resources */ = {
			isa = PBXResourcesBuildPhase;
			buildActionMask = 2147483647;
			files = (
				A8F2CF802A08F1610030E175 /* Preview Assets.xcassets in Resources */,
				A8F2CF7D2A08F1610030E175 /* Assets.xcassets in Resources */,
				A8C0AEAF2A1BABEC00EE5C64 /* GoogleService-Info.plist in Resources */,
			);
			runOnlyForDeploymentPostprocessing = 0;
		};
		A8F2CF832A08F1610030E175 /* Resources */ = {
			isa = PBXResourcesBuildPhase;
			buildActionMask = 2147483647;
			files = (
			);
			runOnlyForDeploymentPostprocessing = 0;
		};
		A8F2CF8D2A08F1610030E175 /* Resources */ = {
			isa = PBXResourcesBuildPhase;
			buildActionMask = 2147483647;
			files = (
			);
			runOnlyForDeploymentPostprocessing = 0;
		};
/* End PBXResourcesBuildPhase section */

/* Begin PBXSourcesBuildPhase section */
		A8525A7F2A51BE27004F687B /* Sources */ = {
			isa = PBXSourcesBuildPhase;
			buildActionMask = 2147483647;
			files = (
				A8525A902A51BF40004F687B /* MissionStorage.swift in Sources */,
				A803561C2A525CFC00352F51 /* Dictionary.swift in Sources */,
				A8525A872A51BE28004F687B /* Monitor.swift in Sources */,
				A8525A912A51BF51004F687B /* ManagedSettings.swift in Sources */,
			);
			runOnlyForDeploymentPostprocessing = 0;
		};
		A8F2CF712A08F15F0030E175 /* Sources */ = {
			isa = PBXSourcesBuildPhase;
			buildActionMask = 2147483647;
			files = (
				A8525A7E2A506972004F687B /* DeviceActivityName.swift in Sources */,
				A8F2CFAB2A0A41790030E175 /* UserInfoView.swift in Sources */,
				A863AEC82A0CB30D00407B6F /* Mission.swift in Sources */,
				A8DD56A32A45A72A0058E898 /* MissionStorage.swift in Sources */,
				A8F2CFA92A0A2DB50030E175 /* TapBarView.swift in Sources */,
				A8229A842A139A1A00881C31 /* PasswordResetView.swift in Sources */,
				A894153C2A4E9724008885C7 /* ManagedSettings.swift in Sources */,
				A863AECA2A0D27C000407B6F /* MissionViewModel.swift in Sources */,
				A872019E2A384E6D0022099B /* TimeSettingView.swift in Sources */,
				A8F2CFA52A08F20E0030E175 /* HomeCell.swift in Sources */,
				A8F2CFA72A0A2AC70030E175 /* MissionListView.swift in Sources */,
				A863AED52A0F60AC00407B6F /* LoginView.swift in Sources */,
				A8229A822A13914400881C31 /* ChangePasswordView.swift in Sources */,
				A8FD9F5C2A3B677900905352 /* AllowListView.swift in Sources */,
				A863AECC2A0D300400407B6F /* DetailView.swift in Sources */,
				A879EBA72A0F812100791AAC /* SignUpView.swift in Sources */,
				A8F2CF792A08F1600030E175 /* dayMindApp.swift in Sources */,
				A8A7A6802A0FAF300058B407 /* UserProfileUpdateView.swift in Sources */,
				A80607972A3F1AAC00946A5E /* ActionView.swift in Sources */,
				A8F2CFAE2A0A680B0030E175 /* MissionRow.swift in Sources */,
				A8229A8A2A14B3CC00881C31 /* UserInfoViewModel.swift in Sources */,
				A8D61DDE2A1E6E2A00F30E5B /* SceneDelegate.swift in Sources */,
				A806079B2A3F212400946A5E /* TextInputView.swift in Sources */,
				A8229A862A13A8AE00881C31 /* DeleteAccountView.swift in Sources */,
				A863AED32A0F601200407B6F /* LoginViewModel.swift in Sources */,
				A8525A7C2A5068A5004F687B /* Dictionary.swift in Sources */,
				A8229A882A13A9B600881C31 /* AccountSetting.swift in Sources */,
				A8F2CFA32A08F1E00030E175 /* HomeView.swift in Sources */,
			);
			runOnlyForDeploymentPostprocessing = 0;
		};
		A8F2CF812A08F1610030E175 /* Sources */ = {
			isa = PBXSourcesBuildPhase;
			buildActionMask = 2147483647;
			files = (
				A8F2CF8A2A08F1610030E175 /* dayMindTests.swift in Sources */,
			);
			runOnlyForDeploymentPostprocessing = 0;
		};
		A8F2CF8B2A08F1610030E175 /* Sources */ = {
			isa = PBXSourcesBuildPhase;
			buildActionMask = 2147483647;
			files = (
				A8F2CF942A08F1610030E175 /* dayMindUITests.swift in Sources */,
				A8F2CF962A08F1610030E175 /* dayMindUITestsLaunchTests.swift in Sources */,
			);
			runOnlyForDeploymentPostprocessing = 0;
		};
/* End PBXSourcesBuildPhase section */

/* Begin PBXTargetDependency section */
		A8525A8B2A51BE28004F687B /* PBXTargetDependency */ = {
			isa = PBXTargetDependency;
			target = A8525A822A51BE27004F687B /* Monitor */;
			targetProxy = A8525A8A2A51BE28004F687B /* PBXContainerItemProxy */;
		};
		A8F2CF872A08F1610030E175 /* PBXTargetDependency */ = {
			isa = PBXTargetDependency;
			target = A8F2CF742A08F15F0030E175 /* dayMind */;
			targetProxy = A8F2CF862A08F1610030E175 /* PBXContainerItemProxy */;
		};
		A8F2CF912A08F1610030E175 /* PBXTargetDependency */ = {
			isa = PBXTargetDependency;
			target = A8F2CF742A08F15F0030E175 /* dayMind */;
			targetProxy = A8F2CF902A08F1610030E175 /* PBXContainerItemProxy */;
		};
/* End PBXTargetDependency section */

/* Begin XCBuildConfiguration section */
		A8525A8E2A51BE28004F687B /* Debug */ = {
			isa = XCBuildConfiguration;
			buildSettings = {
				CODE_SIGN_ENTITLEMENTS = Monitor/Monitor.entitlements;
				CODE_SIGN_STYLE = Automatic;
				CURRENT_PROJECT_VERSION = 1;
				DEVELOPMENT_TEAM = 2YJKG9924M;
				GENERATE_INFOPLIST_FILE = YES;
				INFOPLIST_FILE = Monitor/Info.plist;
				INFOPLIST_KEY_CFBundleDisplayName = Monitor;
				INFOPLIST_KEY_NSHumanReadableCopyright = "";
				LD_RUNPATH_SEARCH_PATHS = (
					"$(inherited)",
					"@executable_path/Frameworks",
					"@executable_path/../../Frameworks",
				);
				MARKETING_VERSION = 1.0;
				PRODUCT_BUNDLE_IDENTIFIER = irradio.dayMind.Monitor;
				PRODUCT_NAME = "$(TARGET_NAME)";
				SKIP_INSTALL = YES;
				SWIFT_EMIT_LOC_STRINGS = YES;
				SWIFT_VERSION = 5.0;
				TARGETED_DEVICE_FAMILY = "1,2";
			};
			name = Debug;
		};
		A8525A8F2A51BE28004F687B /* Release */ = {
			isa = XCBuildConfiguration;
			buildSettings = {
				CODE_SIGN_ENTITLEMENTS = Monitor/Monitor.entitlements;
				CODE_SIGN_STYLE = Automatic;
				CURRENT_PROJECT_VERSION = 1;
				DEVELOPMENT_TEAM = 2YJKG9924M;
				GENERATE_INFOPLIST_FILE = YES;
				INFOPLIST_FILE = Monitor/Info.plist;
				INFOPLIST_KEY_CFBundleDisplayName = Monitor;
				INFOPLIST_KEY_NSHumanReadableCopyright = "";
				LD_RUNPATH_SEARCH_PATHS = (
					"$(inherited)",
					"@executable_path/Frameworks",
					"@executable_path/../../Frameworks",
				);
				MARKETING_VERSION = 1.0;
				PRODUCT_BUNDLE_IDENTIFIER = irradio.dayMind.Monitor;
				PRODUCT_NAME = "$(TARGET_NAME)";
				SKIP_INSTALL = YES;
				SWIFT_EMIT_LOC_STRINGS = YES;
				SWIFT_VERSION = 5.0;
				TARGETED_DEVICE_FAMILY = "1,2";
			};
			name = Release;
		};
		A8F2CF972A08F1610030E175 /* Debug */ = {
			isa = XCBuildConfiguration;
			buildSettings = {
				ALWAYS_SEARCH_USER_PATHS = NO;
				CLANG_ANALYZER_NONNULL = YES;
				CLANG_ANALYZER_NUMBER_OBJECT_CONVERSION = YES_AGGRESSIVE;
				CLANG_CXX_LANGUAGE_STANDARD = "gnu++20";
				CLANG_ENABLE_MODULES = YES;
				CLANG_ENABLE_OBJC_ARC = YES;
				CLANG_ENABLE_OBJC_WEAK = YES;
				CLANG_WARN_BLOCK_CAPTURE_AUTORELEASING = YES;
				CLANG_WARN_BOOL_CONVERSION = YES;
				CLANG_WARN_COMMA = YES;
				CLANG_WARN_CONSTANT_CONVERSION = YES;
				CLANG_WARN_DEPRECATED_OBJC_IMPLEMENTATIONS = YES;
				CLANG_WARN_DIRECT_OBJC_ISA_USAGE = YES_ERROR;
				CLANG_WARN_DOCUMENTATION_COMMENTS = YES;
				CLANG_WARN_EMPTY_BODY = YES;
				CLANG_WARN_ENUM_CONVERSION = YES;
				CLANG_WARN_INFINITE_RECURSION = YES;
				CLANG_WARN_INT_CONVERSION = YES;
				CLANG_WARN_NON_LITERAL_NULL_CONVERSION = YES;
				CLANG_WARN_OBJC_IMPLICIT_RETAIN_SELF = YES;
				CLANG_WARN_OBJC_LITERAL_CONVERSION = YES;
				CLANG_WARN_OBJC_ROOT_CLASS = YES_ERROR;
				CLANG_WARN_QUOTED_INCLUDE_IN_FRAMEWORK_HEADER = YES;
				CLANG_WARN_RANGE_LOOP_ANALYSIS = YES;
				CLANG_WARN_STRICT_PROTOTYPES = YES;
				CLANG_WARN_SUSPICIOUS_MOVE = YES;
				CLANG_WARN_UNGUARDED_AVAILABILITY = YES_AGGRESSIVE;
				CLANG_WARN_UNREACHABLE_CODE = YES;
				CLANG_WARN__DUPLICATE_METHOD_MATCH = YES;
				COPY_PHASE_STRIP = NO;
				DEBUG_INFORMATION_FORMAT = dwarf;
				ENABLE_STRICT_OBJC_MSGSEND = YES;
				ENABLE_TESTABILITY = YES;
				GCC_C_LANGUAGE_STANDARD = gnu11;
				GCC_DYNAMIC_NO_PIC = NO;
				GCC_NO_COMMON_BLOCKS = YES;
				GCC_OPTIMIZATION_LEVEL = 0;
				GCC_PREPROCESSOR_DEFINITIONS = (
					"DEBUG=1",
					"$(inherited)",
				);
				GCC_WARN_64_TO_32_BIT_CONVERSION = YES;
				GCC_WARN_ABOUT_RETURN_TYPE = YES_ERROR;
				GCC_WARN_UNDECLARED_SELECTOR = YES;
				GCC_WARN_UNINITIALIZED_AUTOS = YES_AGGRESSIVE;
				GCC_WARN_UNUSED_FUNCTION = YES;
				GCC_WARN_UNUSED_VARIABLE = YES;
				IPHONEOS_DEPLOYMENT_TARGET = 16.4;
				MTL_ENABLE_DEBUG_INFO = INCLUDE_SOURCE;
				MTL_FAST_MATH = YES;
				ONLY_ACTIVE_ARCH = YES;
				SDKROOT = iphoneos;
				SWIFT_ACTIVE_COMPILATION_CONDITIONS = DEBUG;
				SWIFT_OPTIMIZATION_LEVEL = "-Onone";
			};
			name = Debug;
		};
		A8F2CF982A08F1610030E175 /* Release */ = {
			isa = XCBuildConfiguration;
			buildSettings = {
				ALWAYS_SEARCH_USER_PATHS = NO;
				CLANG_ANALYZER_NONNULL = YES;
				CLANG_ANALYZER_NUMBER_OBJECT_CONVERSION = YES_AGGRESSIVE;
				CLANG_CXX_LANGUAGE_STANDARD = "gnu++20";
				CLANG_ENABLE_MODULES = YES;
				CLANG_ENABLE_OBJC_ARC = YES;
				CLANG_ENABLE_OBJC_WEAK = YES;
				CLANG_WARN_BLOCK_CAPTURE_AUTORELEASING = YES;
				CLANG_WARN_BOOL_CONVERSION = YES;
				CLANG_WARN_COMMA = YES;
				CLANG_WARN_CONSTANT_CONVERSION = YES;
				CLANG_WARN_DEPRECATED_OBJC_IMPLEMENTATIONS = YES;
				CLANG_WARN_DIRECT_OBJC_ISA_USAGE = YES_ERROR;
				CLANG_WARN_DOCUMENTATION_COMMENTS = YES;
				CLANG_WARN_EMPTY_BODY = YES;
				CLANG_WARN_ENUM_CONVERSION = YES;
				CLANG_WARN_INFINITE_RECURSION = YES;
				CLANG_WARN_INT_CONVERSION = YES;
				CLANG_WARN_NON_LITERAL_NULL_CONVERSION = YES;
				CLANG_WARN_OBJC_IMPLICIT_RETAIN_SELF = YES;
				CLANG_WARN_OBJC_LITERAL_CONVERSION = YES;
				CLANG_WARN_OBJC_ROOT_CLASS = YES_ERROR;
				CLANG_WARN_QUOTED_INCLUDE_IN_FRAMEWORK_HEADER = YES;
				CLANG_WARN_RANGE_LOOP_ANALYSIS = YES;
				CLANG_WARN_STRICT_PROTOTYPES = YES;
				CLANG_WARN_SUSPICIOUS_MOVE = YES;
				CLANG_WARN_UNGUARDED_AVAILABILITY = YES_AGGRESSIVE;
				CLANG_WARN_UNREACHABLE_CODE = YES;
				CLANG_WARN__DUPLICATE_METHOD_MATCH = YES;
				COPY_PHASE_STRIP = NO;
				DEBUG_INFORMATION_FORMAT = "dwarf-with-dsym";
				ENABLE_NS_ASSERTIONS = NO;
				ENABLE_STRICT_OBJC_MSGSEND = YES;
				GCC_C_LANGUAGE_STANDARD = gnu11;
				GCC_NO_COMMON_BLOCKS = YES;
				GCC_WARN_64_TO_32_BIT_CONVERSION = YES;
				GCC_WARN_ABOUT_RETURN_TYPE = YES_ERROR;
				GCC_WARN_UNDECLARED_SELECTOR = YES;
				GCC_WARN_UNINITIALIZED_AUTOS = YES_AGGRESSIVE;
				GCC_WARN_UNUSED_FUNCTION = YES;
				GCC_WARN_UNUSED_VARIABLE = YES;
				IPHONEOS_DEPLOYMENT_TARGET = 16.4;
				MTL_ENABLE_DEBUG_INFO = NO;
				MTL_FAST_MATH = YES;
				SDKROOT = iphoneos;
				SWIFT_COMPILATION_MODE = wholemodule;
				SWIFT_OPTIMIZATION_LEVEL = "-O";
				VALIDATE_PRODUCT = YES;
			};
			name = Release;
		};
		A8F2CF9A2A08F1610030E175 /* Debug */ = {
			isa = XCBuildConfiguration;
			buildSettings = {
				ALWAYS_EMBED_SWIFT_STANDARD_LIBRARIES = YES;
				ASSETCATALOG_COMPILER_APPICON_NAME = AppIcon;
				ASSETCATALOG_COMPILER_GLOBAL_ACCENT_COLOR_NAME = AccentColor;
				CODE_SIGN_ENTITLEMENTS = dayMind/dayMind.entitlements;
				CODE_SIGN_STYLE = Automatic;
				CURRENT_PROJECT_VERSION = 1;
				DEVELOPMENT_ASSET_PATHS = "\"dayMind/Preview Content\"";
				DEVELOPMENT_TEAM = 2YJKG9924M;
				ENABLE_PREVIEWS = YES;
				GENERATE_INFOPLIST_FILE = YES;
				INFOPLIST_FILE = dayMind/Info.plist;
				INFOPLIST_KEY_UIApplicationSceneManifest_Generation = YES;
				INFOPLIST_KEY_UIApplicationSupportsIndirectInputEvents = YES;
				INFOPLIST_KEY_UILaunchScreen_Generation = YES;
				INFOPLIST_KEY_UISupportedInterfaceOrientations_iPad = "UIInterfaceOrientationPortrait UIInterfaceOrientationPortraitUpsideDown UIInterfaceOrientationLandscapeLeft UIInterfaceOrientationLandscapeRight";
				INFOPLIST_KEY_UISupportedInterfaceOrientations_iPhone = "UIInterfaceOrientationPortrait UIInterfaceOrientationLandscapeLeft UIInterfaceOrientationLandscapeRight";
				LD_RUNPATH_SEARCH_PATHS = (
					"$(inherited)",
					"@executable_path/Frameworks",
				);
				MARKETING_VERSION = 1.0;
				PRODUCT_BUNDLE_IDENTIFIER = irradio.dayMind;
				PRODUCT_NAME = "$(TARGET_NAME)";
				SWIFT_EMIT_LOC_STRINGS = YES;
				SWIFT_VERSION = 5.0;
				TARGETED_DEVICE_FAMILY = "1,2";
			};
			name = Debug;
		};
		A8F2CF9B2A08F1610030E175 /* Release */ = {
			isa = XCBuildConfiguration;
			buildSettings = {
				ALWAYS_EMBED_SWIFT_STANDARD_LIBRARIES = YES;
				ASSETCATALOG_COMPILER_APPICON_NAME = AppIcon;
				ASSETCATALOG_COMPILER_GLOBAL_ACCENT_COLOR_NAME = AccentColor;
				CODE_SIGN_ENTITLEMENTS = dayMind/dayMind.entitlements;
				CODE_SIGN_STYLE = Automatic;
				CURRENT_PROJECT_VERSION = 1;
				DEVELOPMENT_ASSET_PATHS = "\"dayMind/Preview Content\"";
				DEVELOPMENT_TEAM = 2YJKG9924M;
				ENABLE_PREVIEWS = YES;
				GENERATE_INFOPLIST_FILE = YES;
				INFOPLIST_FILE = dayMind/Info.plist;
				INFOPLIST_KEY_UIApplicationSceneManifest_Generation = YES;
				INFOPLIST_KEY_UIApplicationSupportsIndirectInputEvents = YES;
				INFOPLIST_KEY_UILaunchScreen_Generation = YES;
				INFOPLIST_KEY_UISupportedInterfaceOrientations_iPad = "UIInterfaceOrientationPortrait UIInterfaceOrientationPortraitUpsideDown UIInterfaceOrientationLandscapeLeft UIInterfaceOrientationLandscapeRight";
				INFOPLIST_KEY_UISupportedInterfaceOrientations_iPhone = "UIInterfaceOrientationPortrait UIInterfaceOrientationLandscapeLeft UIInterfaceOrientationLandscapeRight";
				LD_RUNPATH_SEARCH_PATHS = (
					"$(inherited)",
					"@executable_path/Frameworks",
				);
				MARKETING_VERSION = 1.0;
				PRODUCT_BUNDLE_IDENTIFIER = irradio.dayMind;
				PRODUCT_NAME = "$(TARGET_NAME)";
				SWIFT_EMIT_LOC_STRINGS = YES;
				SWIFT_VERSION = 5.0;
				TARGETED_DEVICE_FAMILY = "1,2";
			};
			name = Release;
		};
		A8F2CF9D2A08F1610030E175 /* Debug */ = {
			isa = XCBuildConfiguration;
			buildSettings = {
				ALWAYS_EMBED_SWIFT_STANDARD_LIBRARIES = YES;
				BUNDLE_LOADER = "$(TEST_HOST)";
				CODE_SIGN_STYLE = Automatic;
				CURRENT_PROJECT_VERSION = 1;
				GENERATE_INFOPLIST_FILE = YES;
				IPHONEOS_DEPLOYMENT_TARGET = 16.4;
				MARKETING_VERSION = 1.0;
				PRODUCT_BUNDLE_IDENTIFIER = irradio.dayMindTests;
				PRODUCT_NAME = "$(TARGET_NAME)";
				SWIFT_EMIT_LOC_STRINGS = NO;
				SWIFT_VERSION = 5.0;
				TARGETED_DEVICE_FAMILY = "1,2";
				TEST_HOST = "$(BUILT_PRODUCTS_DIR)/dayMind.app/$(BUNDLE_EXECUTABLE_FOLDER_PATH)/dayMind";
			};
			name = Debug;
		};
		A8F2CF9E2A08F1610030E175 /* Release */ = {
			isa = XCBuildConfiguration;
			buildSettings = {
				ALWAYS_EMBED_SWIFT_STANDARD_LIBRARIES = YES;
				BUNDLE_LOADER = "$(TEST_HOST)";
				CODE_SIGN_STYLE = Automatic;
				CURRENT_PROJECT_VERSION = 1;
				GENERATE_INFOPLIST_FILE = YES;
				IPHONEOS_DEPLOYMENT_TARGET = 16.4;
				MARKETING_VERSION = 1.0;
				PRODUCT_BUNDLE_IDENTIFIER = irradio.dayMindTests;
				PRODUCT_NAME = "$(TARGET_NAME)";
				SWIFT_EMIT_LOC_STRINGS = NO;
				SWIFT_VERSION = 5.0;
				TARGETED_DEVICE_FAMILY = "1,2";
				TEST_HOST = "$(BUILT_PRODUCTS_DIR)/dayMind.app/$(BUNDLE_EXECUTABLE_FOLDER_PATH)/dayMind";
			};
			name = Release;
		};
		A8F2CFA02A08F1610030E175 /* Debug */ = {
			isa = XCBuildConfiguration;
			buildSettings = {
				ALWAYS_EMBED_SWIFT_STANDARD_LIBRARIES = YES;
				CODE_SIGN_STYLE = Automatic;
				CURRENT_PROJECT_VERSION = 1;
				GENERATE_INFOPLIST_FILE = YES;
				MARKETING_VERSION = 1.0;
				PRODUCT_BUNDLE_IDENTIFIER = irradio.dayMindUITests;
				PRODUCT_NAME = "$(TARGET_NAME)";
				SWIFT_EMIT_LOC_STRINGS = NO;
				SWIFT_VERSION = 5.0;
				TARGETED_DEVICE_FAMILY = "1,2";
				TEST_TARGET_NAME = dayMind;
			};
			name = Debug;
		};
		A8F2CFA12A08F1610030E175 /* Release */ = {
			isa = XCBuildConfiguration;
			buildSettings = {
				ALWAYS_EMBED_SWIFT_STANDARD_LIBRARIES = YES;
				CODE_SIGN_STYLE = Automatic;
				CURRENT_PROJECT_VERSION = 1;
				GENERATE_INFOPLIST_FILE = YES;
				MARKETING_VERSION = 1.0;
				PRODUCT_BUNDLE_IDENTIFIER = irradio.dayMindUITests;
				PRODUCT_NAME = "$(TARGET_NAME)";
				SWIFT_EMIT_LOC_STRINGS = NO;
				SWIFT_VERSION = 5.0;
				TARGETED_DEVICE_FAMILY = "1,2";
				TEST_TARGET_NAME = dayMind;
			};
			name = Release;
		};
/* End XCBuildConfiguration section */

/* Begin XCConfigurationList section */
		A8525A8D2A51BE28004F687B /* Build configuration list for PBXNativeTarget "Monitor" */ = {
			isa = XCConfigurationList;
			buildConfigurations = (
				A8525A8E2A51BE28004F687B /* Debug */,
				A8525A8F2A51BE28004F687B /* Release */,
			);
			defaultConfigurationIsVisible = 0;
			defaultConfigurationName = Release;
		};
		A8F2CF702A08F15F0030E175 /* Build configuration list for PBXProject "dayMind" */ = {
			isa = XCConfigurationList;
			buildConfigurations = (
				A8F2CF972A08F1610030E175 /* Debug */,
				A8F2CF982A08F1610030E175 /* Release */,
			);
			defaultConfigurationIsVisible = 0;
			defaultConfigurationName = Release;
		};
		A8F2CF992A08F1610030E175 /* Build configuration list for PBXNativeTarget "dayMind" */ = {
			isa = XCConfigurationList;
			buildConfigurations = (
				A8F2CF9A2A08F1610030E175 /* Debug */,
				A8F2CF9B2A08F1610030E175 /* Release */,
			);
			defaultConfigurationIsVisible = 0;
			defaultConfigurationName = Release;
		};
		A8F2CF9C2A08F1610030E175 /* Build configuration list for PBXNativeTarget "dayMindTests" */ = {
			isa = XCConfigurationList;
			buildConfigurations = (
				A8F2CF9D2A08F1610030E175 /* Debug */,
				A8F2CF9E2A08F1610030E175 /* Release */,
			);
			defaultConfigurationIsVisible = 0;
			defaultConfigurationName = Release;
		};
		A8F2CF9F2A08F1610030E175 /* Build configuration list for PBXNativeTarget "dayMindUITests" */ = {
			isa = XCConfigurationList;
			buildConfigurations = (
				A8F2CFA02A08F1610030E175 /* Debug */,
				A8F2CFA12A08F1610030E175 /* Release */,
			);
			defaultConfigurationIsVisible = 0;
			defaultConfigurationName = Release;
		};
/* End XCConfigurationList section */

/* Begin XCRemoteSwiftPackageReference section */
		A86233772A1C8E0700419120 /* XCRemoteSwiftPackageReference "kakao-ios-sdk" */ = {
			isa = XCRemoteSwiftPackageReference;
			repositoryURL = "https://github.com/kakao/kakao-ios-sdk";
			requirement = {
				branch = master;
				kind = branch;
			};
		};
		A880DACE2A37250500E3FD94 /* XCRemoteSwiftPackageReference "Kingfisher" */ = {
			isa = XCRemoteSwiftPackageReference;
			repositoryURL = "https://github.com/onevcat/Kingfisher.git";
			requirement = {
				kind = upToNextMajorVersion;
				minimumVersion = 7.0.0;
			};
		};
		A8A2953B2A30A0FB00F73B9D /* XCRemoteSwiftPackageReference "firebase-ios-sdk" */ = {
			isa = XCRemoteSwiftPackageReference;
			repositoryURL = "https://github.com/firebase/firebase-ios-sdk";
			requirement = {
				kind = upToNextMajorVersion;
				minimumVersion = 10.0.0;
			};
		};
/* End XCRemoteSwiftPackageReference section */

/* Begin XCSwiftPackageProductDependency section */
		A86233782A1C8E0700419120 /* KakaoSDKAuth */ = {
			isa = XCSwiftPackageProductDependency;
			package = A86233772A1C8E0700419120 /* XCRemoteSwiftPackageReference "kakao-ios-sdk" */;
			productName = KakaoSDKAuth;
		};
		A862337A2A1C8E0700419120 /* KakaoSDKCommon */ = {
			isa = XCSwiftPackageProductDependency;
			package = A86233772A1C8E0700419120 /* XCRemoteSwiftPackageReference "kakao-ios-sdk" */;
			productName = KakaoSDKCommon;
		};
		A862337C2A1C8E0700419120 /* KakaoSDKShare */ = {
			isa = XCSwiftPackageProductDependency;
			package = A86233772A1C8E0700419120 /* XCRemoteSwiftPackageReference "kakao-ios-sdk" */;
			productName = KakaoSDKShare;
		};
		A862337E2A1C8E0700419120 /* KakaoSDKTalk */ = {
			isa = XCSwiftPackageProductDependency;
			package = A86233772A1C8E0700419120 /* XCRemoteSwiftPackageReference "kakao-ios-sdk" */;
			productName = KakaoSDKTalk;
		};
		A86233802A1C8E0700419120 /* KakaoSDKTemplate */ = {
			isa = XCSwiftPackageProductDependency;
			package = A86233772A1C8E0700419120 /* XCRemoteSwiftPackageReference "kakao-ios-sdk" */;
			productName = KakaoSDKTemplate;
		};
		A86233822A1C8E0700419120 /* KakaoSDKUser */ = {
			isa = XCSwiftPackageProductDependency;
			package = A86233772A1C8E0700419120 /* XCRemoteSwiftPackageReference "kakao-ios-sdk" */;
			productName = KakaoSDKUser;
		};
		A880DACF2A37250500E3FD94 /* Kingfisher */ = {
			isa = XCSwiftPackageProductDependency;
			package = A880DACE2A37250500E3FD94 /* XCRemoteSwiftPackageReference "Kingfisher" */;
			productName = Kingfisher;
		};
		A8A2953C2A30A0FB00F73B9D /* FirebaseAnalyticsSwift */ = {
			isa = XCSwiftPackageProductDependency;
			package = A8A2953B2A30A0FB00F73B9D /* XCRemoteSwiftPackageReference "firebase-ios-sdk" */;
			productName = FirebaseAnalyticsSwift;
		};
		A8A2953E2A30A0FB00F73B9D /* FirebaseAuth */ = {
			isa = XCSwiftPackageProductDependency;
			package = A8A2953B2A30A0FB00F73B9D /* XCRemoteSwiftPackageReference "firebase-ios-sdk" */;
			productName = FirebaseAuth;
		};
		A8A295402A30A0FB00F73B9D /* FirebaseDatabaseSwift */ = {
			isa = XCSwiftPackageProductDependency;
			package = A8A2953B2A30A0FB00F73B9D /* XCRemoteSwiftPackageReference "firebase-ios-sdk" */;
			productName = FirebaseDatabaseSwift;
		};
		A8A295422A30A0FB00F73B9D /* FirebaseFirestoreSwift */ = {
			isa = XCSwiftPackageProductDependency;
			package = A8A2953B2A30A0FB00F73B9D /* XCRemoteSwiftPackageReference "firebase-ios-sdk" */;
			productName = FirebaseFirestoreSwift;
		};
		A8A295442A30A0FB00F73B9D /* FirebaseFunctions */ = {
			isa = XCSwiftPackageProductDependency;
			package = A8A2953B2A30A0FB00F73B9D /* XCRemoteSwiftPackageReference "firebase-ios-sdk" */;
			productName = FirebaseFunctions;
		};
		A8A295462A30A0FB00F73B9D /* FirebaseInAppMessagingSwift-Beta */ = {
			isa = XCSwiftPackageProductDependency;
			package = A8A2953B2A30A0FB00F73B9D /* XCRemoteSwiftPackageReference "firebase-ios-sdk" */;
			productName = "FirebaseInAppMessagingSwift-Beta";
		};
		A8A295482A30A0FB00F73B9D /* FirebaseMessaging */ = {
			isa = XCSwiftPackageProductDependency;
			package = A8A2953B2A30A0FB00F73B9D /* XCRemoteSwiftPackageReference "firebase-ios-sdk" */;
			productName = FirebaseMessaging;
		};
		A8A2954A2A30A0FB00F73B9D /* FirebaseStorage */ = {
			isa = XCSwiftPackageProductDependency;
			package = A8A2953B2A30A0FB00F73B9D /* XCRemoteSwiftPackageReference "firebase-ios-sdk" */;
			productName = FirebaseStorage;
		};
/* End XCSwiftPackageProductDependency section */
	};
	rootObject = A8F2CF6D2A08F15F0030E175 /* Project object */;
}
